
Microsoft Visual Studio Solution File, Format Version 12.00
# Visual Studio Version 17
VisualStudioVersion = 17.7.34202.233
MinimumVisualStudioVersion = 10.0.40219.1
Project("{9A19103F-16F7-4668-BE54-9A1E7A4F7556}") = "AircraftReservationSystem", "AircraftReservationSystem\AircraftReservationSystem.csproj", "{B97EED9B-8362-4880-BD48-B7763A9559D9}"
	ProjectSection(ProjectDependencies) = postProject
		{327110D6-E0E5-4F57-98F7-44D0DE3FB661} = {327110D6-E0E5-4F57-98F7-44D0DE3FB661}
		{AF1FA5C0-4005-44F5-9236-D54DC1E65B76} = {AF1FA5C0-4005-44F5-9236-D54DC1E65B76}
		{D3845188-AD7B-4248-BF7D-0F1E73B413FD} = {D3845188-AD7B-4248-BF7D-0F1E73B413FD}
	EndProjectSection
EndProject
Project("{9A19103F-16F7-4668-BE54-9A1E7A4F7556}") = "AircraftReservationSystem.Utility", "AircraftReservationSystem.Utility\AircraftReservationSystem.Utility.csproj", "{327110D6-E0E5-4F57-98F7-44D0DE3FB661}"
EndProject
Project("{9A19103F-16F7-4668-BE54-9A1E7A4F7556}") = "AircraftReservationSystem.DataAccess", "AircraftReservationSystem.DataAccess\AircraftReservationSystem.DataAccess.csproj", "{AF1FA5C0-4005-44F5-9236-D54DC1E65B76}"
	ProjectSection(ProjectDependencies) = postProject
		{D3845188-AD7B-4248-BF7D-0F1E73B413FD} = {D3845188-AD7B-4248-BF7D-0F1E73B413FD}
	EndProjectSection
EndProject
Project("{9A19103F-16F7-4668-BE54-9A1E7A4F7556}") = "AircraftReservationSystem.Models", "AircraftReservationSystem.Models\AircraftReservationSystem.Models.csproj", "{D3845188-AD7B-4248-BF7D-0F1E73B413FD}"
EndProject
Project("{FAE04EC0-301F-11D3-BF4B-00C04F79EFBC}") = "AircraftReservationSystem.WebApi", "AircraftReservationSystem.WebApi\AircraftReservationSystem.WebApi.csproj", "{EC1843E0-8EF1-4EBB-8FD7-A97FF0BE7EAB}"
	ProjectSection(ProjectDependencies) = postProject
		{AF1FA5C0-4005-44F5-9236-D54DC1E65B76} = {AF1FA5C0-4005-44F5-9236-D54DC1E65B76}
		{D3845188-AD7B-4248-BF7D-0F1E73B413FD} = {D3845188-AD7B-4248-BF7D-0F1E73B413FD}
	EndProjectSection
EndProject
Global
	GlobalSection(SolutionConfigurationPlatforms) = preSolution
		Debug|Any CPU = Debug|Any CPU
		Release|Any CPU = Release|Any CPU
	EndGlobalSection
	GlobalSection(ProjectConfigurationPlatforms) = postSolution
		{B97EED9B-8362-4880-BD48-B7763A9559D9}.Debug|Any CPU.ActiveCfg = Debug|Any CPU
		{B97EED9B-8362-4880-BD48-B7763A9559D9}.Debug|Any CPU.Build.0 = Debug|Any CPU
		{B97EED9B-8362-4880-BD48-B7763A9559D9}.Release|Any CPU.ActiveCfg = Release|Any CPU
		{B97EED9B-8362-4880-BD48-B7763A9559D9}.Release|Any CPU.Build.0 = Release|Any CPU
		{327110D6-E0E5-4F57-98F7-44D0DE3FB661}.Debug|Any CPU.ActiveCfg = Debug|Any CPU
		{327110D6-E0E5-4F57-98F7-44D0DE3FB661}.Debug|Any CPU.Build.0 = Debug|Any CPU
		{327110D6-E0E5-4F57-98F7-44D0DE3FB661}.Release|Any CPU.ActiveCfg = Release|Any CPU
		{327110D6-E0E5-4F57-98F7-44D0DE3FB661}.Release|Any CPU.Build.0 = Release|Any CPU
		{AF1FA5C0-4005-44F5-9236-D54DC1E65B76}.Debug|Any CPU.ActiveCfg = Debug|Any CPU
		{AF1FA5C0-4005-44F5-9236-D54DC1E65B76}.Debug|Any CPU.Build.0 = Debug|Any CPU
		{AF1FA5C0-4005-44F5-9236-D54DC1E65B76}.Release|Any CPU.ActiveCfg = Release|Any CPU
		{AF1FA5C0-4005-44F5-9236-D54DC1E65B76}.Release|Any CPU.Build.0 = Release|Any CPU
		{D3845188-AD7B-4248-BF7D-0F1E73B413FD}.Debug|Any CPU.ActiveCfg = Debug|Any CPU
		{D3845188-AD7B-4248-BF7D-0F1E73B413FD}.Debug|Any CPU.Build.0 = Debug|Any CPU
		{D3845188-AD7B-4248-BF7D-0F1E73B413FD}.Release|Any CPU.ActiveCfg = Release|Any CPU
		{D3845188-AD7B-4248-BF7D-0F1E73B413FD}.Release|Any CPU.Build.0 = Release|Any CPU
		{EC1843E0-8EF1-4EBB-8FD7-A97FF0BE7EAB}.Debug|Any CPU.ActiveCfg = Debug|Any CPU
		{EC1843E0-8EF1-4EBB-8FD7-A97FF0BE7EAB}.Debug|Any CPU.Build.0 = Debug|Any CPU
		{EC1843E0-8EF1-4EBB-8FD7-A97FF0BE7EAB}.Release|Any CPU.ActiveCfg = Release|Any CPU
		{EC1843E0-8EF1-4EBB-8FD7-A97FF0BE7EAB}.Release|Any CPU.Build.0 = Release|Any CPU
	EndGlobalSection
	GlobalSection(SolutionProperties) = preSolution
		HideSolutionNode = FALSE
	EndGlobalSection
	GlobalSection(ExtensibilityGlobals) = postSolution
		SolutionGuid = {47EBD2E7-3C62-4422-A192-0BB77D1F1C50}
	EndGlobalSection
EndGlobal
